
Microsoft Visual Studio Solution File, Format Version 12.00
# Visual Studio Version 16
VisualStudioVersion = 16.0.30804.86
MinimumVisualStudioVersion = 10.0.40219.1
Project("{8BC9CEB8-8B4A-11D0-8D11-00A0C91BC942}") = "mp2-lab5-polinom", "mp2-lab5-polinom.vcxproj", "{6D5A4949-5F3D-48D1-8274-3185D4F9B66E}"
EndProject
Project("{8BC9CEB8-8B4A-11D0-8D11-00A0C91BC942}") = "Test", "..\Test\Test.vcxproj", "{E0146DD8-10C7-4A59-BA80-0E2FB51469E8}"
EndProject
Global
	GlobalSection(SolutionConfigurationPlatforms) = preSolution
		Debug|x64 = Debug|x64
		Debug|x86 = Debug|x86
		Release|x64 = Release|x64
		Release|x86 = Release|x86
	EndGlobalSection
	GlobalSection(ProjectConfigurationPlatforms) = postSolution
		{6D5A4949-5F3D-48D1-8274-3185D4F9B66E}.Debug|x64.ActiveCfg = Debug|x64
		{6D5A4949-5F3D-48D1-8274-3185D4F9B66E}.Debug|x64.Build.0 = Debug|x64
		{6D5A4949-5F3D-48D1-8274-3185D4F9B66E}.Debug|x86.ActiveCfg = Debug|Win32
		{6D5A4949-5F3D-48D1-8274-3185D4F9B66E}.Debug|x86.Build.0 = Debug|Win32
		{6D5A4949-5F3D-48D1-8274-3185D4F9B66E}.Release|x64.ActiveCfg = Release|x64
		{6D5A4949-5F3D-48D1-8274-3185D4F9B66E}.Release|x64.Build.0 = Release|x64
		{6D5A4949-5F3D-48D1-8274-3185D4F9B66E}.Release|x86.ActiveCfg = Release|Win32
		{6D5A4949-5F3D-48D1-8274-3185D4F9B66E}.Release|x86.Build.0 = Release|Win32
		{E0146DD8-10C7-4A59-BA80-0E2FB51469E8}.Debug|x64.ActiveCfg = Debug|x64
		{E0146DD8-10C7-4A59-BA80-0E2FB51469E8}.Debug|x64.Build.0 = Debug|x64
		{E0146DD8-10C7-4A59-BA80-0E2FB51469E8}.Debug|x86.ActiveCfg = Debug|Win32
		{E0146DD8-10C7-4A59-BA80-0E2FB51469E8}.Debug|x86.Build.0 = Debug|Win32
		{E0146DD8-10C7-4A59-BA80-0E2FB51469E8}.Release|x64.ActiveCfg = Release|x64
		{E0146DD8-10C7-4A59-BA80-0E2FB51469E8}.Release|x64.Build.0 = Release|x64
		{E0146DD8-10C7-4A59-BA80-0E2FB51469E8}.Release|x86.ActiveCfg = Release|Win32
		{E0146DD8-10C7-4A59-BA80-0E2FB51469E8}.Release|x86.Build.0 = Release|Win32
	EndGlobalSection
	GlobalSection(SolutionProperties) = preSolution
		HideSolutionNode = FALSE
	EndGlobalSection
	GlobalSection(ExtensibilityGlobals) = postSolution
		SolutionGuid = {23C4E015-ED9E-4D18-A3D0-3CA3C435570E}
	EndGlobalSection
EndGlobal
